
Microsoft Visual Studio Solution File, Format Version 12.00
# Visual Studio Version 17
VisualStudioVersion = 17.8.34525.116
MinimumVisualStudioVersion = 10.0.40219.1
Project("{FAE04EC0-301F-11D3-BF4B-00C04F79EFBC}") = "ManagementSys", "ManagementSys\ManagementSys\ManagementSys.csproj", "{3999EC62-F466-42CA-9746-CDF198DB6B74}"
EndProject
Project("{FAE04EC0-301F-11D3-BF4B-00C04F79EFBC}") = "ManagementSys.Client", "ManagementSys\ManagementSys.Client\ManagementSys.Client.csproj", "{D2FAF83B-0972-44A7-AFD4-2A796F81E0F1}"
EndProject
Global
	GlobalSection(SolutionConfigurationPlatforms) = preSolution
		Debug|Any CPU = Debug|Any CPU
		Release|Any CPU = Release|Any CPU
	EndGlobalSection
	GlobalSection(ProjectConfigurationPlatforms) = postSolution
		{3999EC62-F466-42CA-9746-CDF198DB6B74}.Debug|Any CPU.ActiveCfg = Debug|Any CPU
		{3999EC62-F466-42CA-9746-CDF198DB6B74}.Debug|Any CPU.Build.0 = Debug|Any CPU
		{3999EC62-F466-42CA-9746-CDF198DB6B74}.Release|Any CPU.ActiveCfg = Release|Any CPU
		{3999EC62-F466-42CA-9746-CDF198DB6B74}.Release|Any CPU.Build.0 = Release|Any CPU
		{D2FAF83B-0972-44A7-AFD4-2A796F81E0F1}.Debug|Any CPU.ActiveCfg = Debug|Any CPU
		{D2FAF83B-0972-44A7-AFD4-2A796F81E0F1}.Debug|Any CPU.Build.0 = Debug|Any CPU
		{D2FAF83B-0972-44A7-AFD4-2A796F81E0F1}.Release|Any CPU.ActiveCfg = Release|Any CPU
		{D2FAF83B-0972-44A7-AFD4-2A796F81E0F1}.Release|Any CPU.Build.0 = Release|Any CPU
	EndGlobalSection
	GlobalSection(SolutionProperties) = preSolution
		HideSolutionNode = FALSE
	EndGlobalSection
	GlobalSection(ExtensibilityGlobals) = postSolution
		SolutionGuid = {28BA90DF-36F5-47D8-AB97-1C068DCC584D}
	EndGlobalSection
EndGlobal
